// !$*UTF8*$!
{
	archiveVersion = 1;
	classes = {
	};
	objectVersion = 55;
	objects = {

/* Begin PBXBuildFile section */
		277E3C9718B67843514E0D14 /* Pods_ChatApp.framework in Frameworks */ = {isa = PBXBuildFile; fileRef = 584E30EC82C1C8212CB86171 /* Pods_ChatApp.framework */; };
		DD5D9A26296B332000411E0F /* AppDelegate.swift in Sources */ = {isa = PBXBuildFile; fileRef = DD5D9A25296B332000411E0F /* AppDelegate.swift */; };
		DD5D9A28296B332000411E0F /* SceneDelegate.swift in Sources */ = {isa = PBXBuildFile; fileRef = DD5D9A27296B332000411E0F /* SceneDelegate.swift */; };
		DD5D9A2A296B332000411E0F /* ConversationsViewController.swift in Sources */ = {isa = PBXBuildFile; fileRef = DD5D9A29296B332000411E0F /* ConversationsViewController.swift */; };
		DD5D9A2D296B332000411E0F /* Main.storyboard in Resources */ = {isa = PBXBuildFile; fileRef = DD5D9A2B296B332000411E0F /* Main.storyboard */; };
		DD5D9A2F296B332600411E0F /* Assets.xcassets in Resources */ = {isa = PBXBuildFile; fileRef = DD5D9A2E296B332600411E0F /* Assets.xcassets */; };
		DD5D9A32296B332600411E0F /* LaunchScreen.storyboard in Resources */ = {isa = PBXBuildFile; fileRef = DD5D9A30296B332600411E0F /* LaunchScreen.storyboard */; };
		DD5D9A40296B357100411E0F /* LoginViewController.swift in Sources */ = {isa = PBXBuildFile; fileRef = DD5D9A3F296B357100411E0F /* LoginViewController.swift */; };
		DD5D9A42296B358D00411E0F /* RegisterViewController.swift in Sources */ = {isa = PBXBuildFile; fileRef = DD5D9A41296B358D00411E0F /* RegisterViewController.swift */; };
		DD5D9A45296B35BE00411E0F /* PhotoViewerViewController.swift in Sources */ = {isa = PBXBuildFile; fileRef = DD5D9A44296B35BE00411E0F /* PhotoViewerViewController.swift */; };
		DD5D9A47296B35FA00411E0F /* VideoPlayerViewController.swift in Sources */ = {isa = PBXBuildFile; fileRef = DD5D9A46296B35FA00411E0F /* VideoPlayerViewController.swift */; };
		DD5D9A49296B361200411E0F /* NewConversationViewController.swift in Sources */ = {isa = PBXBuildFile; fileRef = DD5D9A48296B361200411E0F /* NewConversationViewController.swift */; };
		DD5D9A4B296B362B00411E0F /* ProfileViewController.swift in Sources */ = {isa = PBXBuildFile; fileRef = DD5D9A4A296B362B00411E0F /* ProfileViewController.swift */; };
		DD5D9A4E296B404100411E0F /* Extensions.swift in Sources */ = {isa = PBXBuildFile; fileRef = DD5D9A4D296B404100411E0F /* Extensions.swift */; };
		DDB4335A297C883900AB14D0 /* GoogleService-Info.plist in Resources */ = {isa = PBXBuildFile; fileRef = DDB43359297C883900AB14D0 /* GoogleService-Info.plist */; };
/* End PBXBuildFile section */

/* Begin PBXFileReference section */
		584E30EC82C1C8212CB86171 /* Pods_ChatApp.framework */ = {isa = PBXFileReference; explicitFileType = wrapper.framework; includeInIndex = 0; path = Pods_ChatApp.framework; sourceTree = BUILT_PRODUCTS_DIR; };
		63D5710127E51E72713359F9 /* Pods-ChatApp.debug.xcconfig */ = {isa = PBXFileReference; includeInIndex = 1; lastKnownFileType = text.xcconfig; name = "Pods-ChatApp.debug.xcconfig"; path = "Target Support Files/Pods-ChatApp/Pods-ChatApp.debug.xcconfig"; sourceTree = "<group>"; };
		D90F8A8C270A7D606411A6A0 /* Pods-ChatApp.release.xcconfig */ = {isa = PBXFileReference; includeInIndex = 1; lastKnownFileType = text.xcconfig; name = "Pods-ChatApp.release.xcconfig"; path = "Target Support Files/Pods-ChatApp/Pods-ChatApp.release.xcconfig"; sourceTree = "<group>"; };
		DD5D9A22296B332000411E0F /* ChatApp.app */ = {isa = PBXFileReference; explicitFileType = wrapper.application; includeInIndex = 0; path = ChatApp.app; sourceTree = BUILT_PRODUCTS_DIR; };
		DD5D9A25296B332000411E0F /* AppDelegate.swift */ = {isa = PBXFileReference; lastKnownFileType = sourcecode.swift; path = AppDelegate.swift; sourceTree = "<group>"; };
		DD5D9A27296B332000411E0F /* SceneDelegate.swift */ = {isa = PBXFileReference; lastKnownFileType = sourcecode.swift; path = SceneDelegate.swift; sourceTree = "<group>"; };
		DD5D9A29296B332000411E0F /* ConversationsViewController.swift */ = {isa = PBXFileReference; lastKnownFileType = sourcecode.swift; path = ConversationsViewController.swift; sourceTree = "<group>"; };
		DD5D9A2C296B332000411E0F /* Base */ = {isa = PBXFileReference; lastKnownFileType = file.storyboard; name = Base; path = Base.lproj/Main.storyboard; sourceTree = "<group>"; };
		DD5D9A2E296B332600411E0F /* Assets.xcassets */ = {isa = PBXFileReference; lastKnownFileType = folder.assetcatalog; path = Assets.xcassets; sourceTree = "<group>"; };
		DD5D9A31296B332600411E0F /* Base */ = {isa = PBXFileReference; lastKnownFileType = file.storyboard; name = Base; path = Base.lproj/LaunchScreen.storyboard; sourceTree = "<group>"; };
		DD5D9A33296B332600411E0F /* Info.plist */ = {isa = PBXFileReference; lastKnownFileType = text.plist.xml; path = Info.plist; sourceTree = "<group>"; };
		DD5D9A3F296B357100411E0F /* LoginViewController.swift */ = {isa = PBXFileReference; lastKnownFileType = sourcecode.swift; path = LoginViewController.swift; sourceTree = "<group>"; };
		DD5D9A41296B358D00411E0F /* RegisterViewController.swift */ = {isa = PBXFileReference; lastKnownFileType = sourcecode.swift; path = RegisterViewController.swift; sourceTree = "<group>"; };
		DD5D9A44296B35BE00411E0F /* PhotoViewerViewController.swift */ = {isa = PBXFileReference; lastKnownFileType = sourcecode.swift; path = PhotoViewerViewController.swift; sourceTree = "<group>"; };
		DD5D9A46296B35FA00411E0F /* VideoPlayerViewController.swift */ = {isa = PBXFileReference; lastKnownFileType = sourcecode.swift; path = VideoPlayerViewController.swift; sourceTree = "<group>"; };
		DD5D9A48296B361200411E0F /* NewConversationViewController.swift */ = {isa = PBXFileReference; lastKnownFileType = sourcecode.swift; path = NewConversationViewController.swift; sourceTree = "<group>"; };
		DD5D9A4A296B362B00411E0F /* ProfileViewController.swift */ = {isa = PBXFileReference; lastKnownFileType = sourcecode.swift; path = ProfileViewController.swift; sourceTree = "<group>"; };
		DD5D9A4D296B404100411E0F /* Extensions.swift */ = {isa = PBXFileReference; lastKnownFileType = sourcecode.swift; path = Extensions.swift; sourceTree = "<group>"; };
		DDB43359297C883900AB14D0 /* GoogleService-Info.plist */ = {isa = PBXFileReference; fileEncoding = 4; lastKnownFileType = text.plist.xml; path = "GoogleService-Info.plist"; sourceTree = "<group>"; };
/* End PBXFileReference section */

/* Begin PBXFrameworksBuildPhase section */
		DD5D9A1F296B332000411E0F /* Frameworks */ = {
			isa = PBXFrameworksBuildPhase;
			buildActionMask = 2147483647;
			files = (
				277E3C9718B67843514E0D14 /* Pods_ChatApp.framework in Frameworks */,
			);
			runOnlyForDeploymentPostprocessing = 0;
		};
/* End PBXFrameworksBuildPhase section */

/* Begin PBXGroup section */
		026450D2543B66EC12627E91 /* Pods */ = {
			isa = PBXGroup;
			children = (
				63D5710127E51E72713359F9 /* Pods-ChatApp.debug.xcconfig */,
				D90F8A8C270A7D606411A6A0 /* Pods-ChatApp.release.xcconfig */,
			);
			path = Pods;
			sourceTree = "<group>";
		};
		381F540689CDC67FA58554CF /* Frameworks */ = {
			isa = PBXGroup;
			children = (
				584E30EC82C1C8212CB86171 /* Pods_ChatApp.framework */,
			);
			name = Frameworks;
			sourceTree = "<group>";
		};
		DD5D9A19296B332000411E0F = {
			isa = PBXGroup;
			children = (
				DD5D9A24296B332000411E0F /* ChatApp */,
				DD5D9A23296B332000411E0F /* Products */,
				026450D2543B66EC12627E91 /* Pods */,
				381F540689CDC67FA58554CF /* Frameworks */,
			);
			sourceTree = "<group>";
		};
		DD5D9A23296B332000411E0F /* Products */ = {
			isa = PBXGroup;
			children = (
				DD5D9A22296B332000411E0F /* ChatApp.app */,
			);
			name = Products;
			sourceTree = "<group>";
		};
		DD5D9A24296B332000411E0F /* ChatApp */ = {
			isa = PBXGroup;
			children = (
				DDB43359297C883900AB14D0 /* GoogleService-Info.plist */,
				DD5D9A3D296B33DA00411E0F /* Resources */,
				DD5D9A3C296B33CB00411E0F /* ViewModels */,
				DD5D9A3B296B33C500411E0F /* Models */,
				DD5D9A3A296B33BE00411E0F /* Views */,
				DD5D9A39296B33B400411E0F /* Controllers */,
				DD5D9A33296B332600411E0F /* Info.plist */,
			);
			path = ChatApp;
			sourceTree = "<group>";
		};
		DD5D9A39296B33B400411E0F /* Controllers */ = {
			isa = PBXGroup;
			children = (
				DD5D9A4C296B37B600411E0F /* Login */,
				DD5D9A29296B332000411E0F /* ConversationsViewController.swift */,
				DD5D9A44296B35BE00411E0F /* PhotoViewerViewController.swift */,
				DD5D9A46296B35FA00411E0F /* VideoPlayerViewController.swift */,
				DD5D9A48296B361200411E0F /* NewConversationViewController.swift */,
				DD5D9A4A296B362B00411E0F /* ProfileViewController.swift */,
			);
			path = Controllers;
			sourceTree = "<group>";
		};
		DD5D9A3A296B33BE00411E0F /* Views */ = {
			isa = PBXGroup;
			children = (
				DD5D9A3E296B341900411E0F /* Storyboards */,
				DD5D9A2E296B332600411E0F /* Assets.xcassets */,
			);
			path = Views;
			sourceTree = "<group>";
		};
		DD5D9A3B296B33C500411E0F /* Models */ = {
			isa = PBXGroup;
			children = (
			);
			path = Models;
			sourceTree = "<group>";
		};
		DD5D9A3C296B33CB00411E0F /* ViewModels */ = {
			isa = PBXGroup;
			children = (
			);
			path = ViewModels;
			sourceTree = "<group>";
		};
		DD5D9A3D296B33DA00411E0F /* Resources */ = {
			isa = PBXGroup;
			children = (
				DD5D9A25296B332000411E0F /* AppDelegate.swift */,
				DD5D9A27296B332000411E0F /* SceneDelegate.swift */,
				DD5D9A4D296B404100411E0F /* Extensions.swift */,
			);
			path = Resources;
			sourceTree = "<group>";
		};
		DD5D9A3E296B341900411E0F /* Storyboards */ = {
			isa = PBXGroup;
			children = (
				DD5D9A2B296B332000411E0F /* Main.storyboard */,
				DD5D9A30296B332600411E0F /* LaunchScreen.storyboard */,
			);
			path = Storyboards;
			sourceTree = "<group>";
		};
		DD5D9A4C296B37B600411E0F /* Login */ = {
			isa = PBXGroup;
			children = (
				DD5D9A3F296B357100411E0F /* LoginViewController.swift */,
				DD5D9A41296B358D00411E0F /* RegisterViewController.swift */,
			);
			path = Login;
			sourceTree = "<group>";
		};
/* End PBXGroup section */

/* Begin PBXNativeTarget section */
		DD5D9A21296B332000411E0F /* ChatApp */ = {
			isa = PBXNativeTarget;
			buildConfigurationList = DD5D9A36296B332600411E0F /* Build configuration list for PBXNativeTarget "ChatApp" */;
			buildPhases = (
				042BD0BC9A025ED8BC2C80CE /* [CP] Check Pods Manifest.lock */,
				DD5D9A1E296B332000411E0F /* Sources */,
				DD5D9A1F296B332000411E0F /* Frameworks */,
				DD5D9A20296B332000411E0F /* Resources */,
				281CF216741AAD5F7574694F /* [CP] Embed Pods Frameworks */,
			);
			buildRules = (
			);
			dependencies = (
			);
			name = ChatApp;
			productName = ChatApp;
			productReference = DD5D9A22296B332000411E0F /* ChatApp.app */;
			productType = "com.apple.product-type.application";
		};
/* End PBXNativeTarget section */

/* Begin PBXProject section */
		DD5D9A1A296B332000411E0F /* Project object */ = {
			isa = PBXProject;
			attributes = {
				BuildIndependentTargetsInParallel = 1;
				LastSwiftUpdateCheck = 1340;
				LastUpgradeCheck = 1340;
				TargetAttributes = {
					DD5D9A21296B332000411E0F = {
						CreatedOnToolsVersion = 13.4.1;
					};
				};
			};
			buildConfigurationList = DD5D9A1D296B332000411E0F /* Build configuration list for PBXProject "ChatApp" */;
			compatibilityVersion = "Xcode 13.0";
			developmentRegion = en;
			hasScannedForEncodings = 0;
			knownRegions = (
				en,
				Base,
			);
			mainGroup = DD5D9A19296B332000411E0F;
			productRefGroup = DD5D9A23296B332000411E0F /* Products */;
			projectDirPath = "";
			projectRoot = "";
			targets = (
				DD5D9A21296B332000411E0F /* ChatApp */,
			);
		};
/* End PBXProject section */

/* Begin PBXResourcesBuildPhase section */
		DD5D9A20296B332000411E0F /* Resources */ = {
			isa = PBXResourcesBuildPhase;
			buildActionMask = 2147483647;
			files = (
				DD5D9A32296B332600411E0F /* LaunchScreen.storyboard in Resources */,
				DDB4335A297C883900AB14D0 /* GoogleService-Info.plist in Resources */,
				DD5D9A2F296B332600411E0F /* Assets.xcassets in Resources */,
				DD5D9A2D296B332000411E0F /* Main.storyboard in Resources */,
			);
			runOnlyForDeploymentPostprocessing = 0;
		};
/* End PBXResourcesBuildPhase section */

/* Begin PBXShellScriptBuildPhase section */
		042BD0BC9A025ED8BC2C80CE /* [CP] Check Pods Manifest.lock */ = {
			isa = PBXShellScriptBuildPhase;
			buildActionMask = 2147483647;
			files = (
			);
			inputFileListPaths = (
			);
			inputPaths = (
				"${PODS_PODFILE_DIR_PATH}/Podfile.lock",
				"${PODS_ROOT}/Manifest.lock",
			);
			name = "[CP] Check Pods Manifest.lock";
			outputFileListPaths = (
			);
			outputPaths = (
				"$(DERIVED_FILE_DIR)/Pods-ChatApp-checkManifestLockResult.txt",
			);
			runOnlyForDeploymentPostprocessing = 0;
			shellPath = /bin/sh;
			shellScript = "diff \"${PODS_PODFILE_DIR_PATH}/Podfile.lock\" \"${PODS_ROOT}/Manifest.lock\" > /dev/null\nif [ $? != 0 ] ; then\n    # print error to STDERR\n    echo \"error: The sandbox is not in sync with the Podfile.lock. Run 'pod install' or update your CocoaPods installation.\" >&2\n    exit 1\nfi\n# This output is used by Xcode 'outputs' to avoid re-running this script phase.\necho \"SUCCESS\" > \"${SCRIPT_OUTPUT_FILE_0}\"\n";
			showEnvVarsInLog = 0;
		};
		281CF216741AAD5F7574694F /* [CP] Embed Pods Frameworks */ = {
			isa = PBXShellScriptBuildPhase;
			buildActionMask = 2147483647;
			files = (
			);
			inputFileListPaths = (
				"${PODS_ROOT}/Target Support Files/Pods-ChatApp/Pods-ChatApp-frameworks-${CONFIGURATION}-input-files.xcfilelist",
			);
			name = "[CP] Embed Pods Frameworks";
			outputFileListPaths = (
				"${PODS_ROOT}/Target Support Files/Pods-ChatApp/Pods-ChatApp-frameworks-${CONFIGURATION}-output-files.xcfilelist",
			);
			runOnlyForDeploymentPostprocessing = 0;
			shellPath = /bin/sh;
			shellScript = "\"${PODS_ROOT}/Target Support Files/Pods-ChatApp/Pods-ChatApp-frameworks.sh\"\n";
			showEnvVarsInLog = 0;
		};
/* End PBXShellScriptBuildPhase section */

/* Begin PBXSourcesBuildPhase section */
		DD5D9A1E296B332000411E0F /* Sources */ = {
			isa = PBXSourcesBuildPhase;
			buildActionMask = 2147483647;
			files = (
				DD5D9A40296B357100411E0F /* LoginViewController.swift in Sources */,
				DD5D9A42296B358D00411E0F /* RegisterViewController.swift in Sources */,
				DD5D9A49296B361200411E0F /* NewConversationViewController.swift in Sources */,
				DD5D9A2A296B332000411E0F /* ConversationsViewController.swift in Sources */,
				DD5D9A47296B35FA00411E0F /* VideoPlayerViewController.swift in Sources */,
				DD5D9A4E296B404100411E0F /* Extensions.swift in Sources */,
				DD5D9A26296B332000411E0F /* AppDelegate.swift in Sources */,
				DD5D9A4B296B362B00411E0F /* ProfileViewController.swift in Sources */,
				DD5D9A28296B332000411E0F /* SceneDelegate.swift in Sources */,
				DD5D9A45296B35BE00411E0F /* PhotoViewerViewController.swift in Sources */,
			);
			runOnlyForDeploymentPostprocessing = 0;
		};
/* End PBXSourcesBuildPhase section */

/* Begin PBXVariantGroup section */
		DD5D9A2B296B332000411E0F /* Main.storyboard */ = {
			isa = PBXVariantGroup;
			children = (
				DD5D9A2C296B332000411E0F /* Base */,
			);
			name = Main.storyboard;
			sourceTree = "<group>";
		};
		DD5D9A30296B332600411E0F /* LaunchScreen.storyboard */ = {
			isa = PBXVariantGroup;
			children = (
				DD5D9A31296B332600411E0F /* Base */,
			);
			name = LaunchScreen.storyboard;
			sourceTree = "<group>";
		};
/* End PBXVariantGroup section */

/* Begin XCBuildConfiguration section */
		DD5D9A34296B332600411E0F /* Debug */ = {
			isa = XCBuildConfiguration;
			buildSettings = {
				ALWAYS_SEARCH_USER_PATHS = NO;
				CLANG_ANALYZER_NONNULL = YES;
				CLANG_ANALYZER_NUMBER_OBJECT_CONVERSION = YES_AGGRESSIVE;
				CLANG_CXX_LANGUAGE_STANDARD = "gnu++17";
				CLANG_ENABLE_MODULES = YES;
				CLANG_ENABLE_OBJC_ARC = YES;
				CLANG_ENABLE_OBJC_WEAK = YES;
				CLANG_WARN_BLOCK_CAPTURE_AUTORELEASING = YES;
				CLANG_WARN_BOOL_CONVERSION = YES;
				CLANG_WARN_COMMA = YES;
				CLANG_WARN_CONSTANT_CONVERSION = YES;
				CLANG_WARN_DEPRECATED_OBJC_IMPLEMENTATIONS = YES;
				CLANG_WARN_DIRECT_OBJC_ISA_USAGE = YES_ERROR;
				CLANG_WARN_DOCUMENTATION_COMMENTS = YES;
				CLANG_WARN_EMPTY_BODY = YES;
				CLANG_WARN_ENUM_CONVERSION = YES;
				CLANG_WARN_INFINITE_RECURSION = YES;
				CLANG_WARN_INT_CONVERSION = YES;
				CLANG_WARN_NON_LITERAL_NULL_CONVERSION = YES;
				CLANG_WARN_OBJC_IMPLICIT_RETAIN_SELF = YES;
				CLANG_WARN_OBJC_LITERAL_CONVERSION = YES;
				CLANG_WARN_OBJC_ROOT_CLASS = YES_ERROR;
				CLANG_WARN_QUOTED_INCLUDE_IN_FRAMEWORK_HEADER = YES;
				CLANG_WARN_RANGE_LOOP_ANALYSIS = YES;
				CLANG_WARN_STRICT_PROTOTYPES = YES;
				CLANG_WARN_SUSPICIOUS_MOVE = YES;
				CLANG_WARN_UNGUARDED_AVAILABILITY = YES_AGGRESSIVE;
				CLANG_WARN_UNREACHABLE_CODE = YES;
				CLANG_WARN__DUPLICATE_METHOD_MATCH = YES;
				COPY_PHASE_STRIP = NO;
				DEBUG_INFORMATION_FORMAT = dwarf;
				ENABLE_STRICT_OBJC_MSGSEND = YES;
				ENABLE_TESTABILITY = YES;
				GCC_C_LANGUAGE_STANDARD = gnu11;
				GCC_DYNAMIC_NO_PIC = NO;
				GCC_NO_COMMON_BLOCKS = YES;
				GCC_OPTIMIZATION_LEVEL = 0;
				GCC_PREPROCESSOR_DEFINITIONS = (
					"DEBUG=1",
					"$(inherited)",
				);
				GCC_WARN_64_TO_32_BIT_CONVERSION = YES;
				GCC_WARN_ABOUT_RETURN_TYPE = YES_ERROR;
				GCC_WARN_UNDECLARED_SELECTOR = YES;
				GCC_WARN_UNINITIALIZED_AUTOS = YES_AGGRESSIVE;
				GCC_WARN_UNUSED_FUNCTION = YES;
				GCC_WARN_UNUSED_VARIABLE = YES;
				IPHONEOS_DEPLOYMENT_TARGET = 15.5;
				MTL_ENABLE_DEBUG_INFO = INCLUDE_SOURCE;
				MTL_FAST_MATH = YES;
				ONLY_ACTIVE_ARCH = YES;
				SDKROOT = iphoneos;
				SWIFT_ACTIVE_COMPILATION_CONDITIONS = DEBUG;
				SWIFT_OPTIMIZATION_LEVEL = "-Onone";
			};
			name = Debug;
		};
		DD5D9A35296B332600411E0F /* Release */ = {
			isa = XCBuildConfiguration;
			buildSettings = {
				ALWAYS_SEARCH_USER_PATHS = NO;
				CLANG_ANALYZER_NONNULL = YES;
				CLANG_ANALYZER_NUMBER_OBJECT_CONVERSION = YES_AGGRESSIVE;
				CLANG_CXX_LANGUAGE_STANDARD = "gnu++17";
				CLANG_ENABLE_MODULES = YES;
				CLANG_ENABLE_OBJC_ARC = YES;
				CLANG_ENABLE_OBJC_WEAK = YES;
				CLANG_WARN_BLOCK_CAPTURE_AUTORELEASING = YES;
				CLANG_WARN_BOOL_CONVERSION = YES;
				CLANG_WARN_COMMA = YES;
				CLANG_WARN_CONSTANT_CONVERSION = YES;
				CLANG_WARN_DEPRECATED_OBJC_IMPLEMENTATIONS = YES;
				CLANG_WARN_DIRECT_OBJC_ISA_USAGE = YES_ERROR;
				CLANG_WARN_DOCUMENTATION_COMMENTS = YES;
				CLANG_WARN_EMPTY_BODY = YES;
				CLANG_WARN_ENUM_CONVERSION = YES;
				CLANG_WARN_INFINITE_RECURSION = YES;
				CLANG_WARN_INT_CONVERSION = YES;
				CLANG_WARN_NON_LITERAL_NULL_CONVERSION = YES;
				CLANG_WARN_OBJC_IMPLICIT_RETAIN_SELF = YES;
				CLANG_WARN_OBJC_LITERAL_CONVERSION = YES;
				CLANG_WARN_OBJC_ROOT_CLASS = YES_ERROR;
				CLANG_WARN_QUOTED_INCLUDE_IN_FRAMEWORK_HEADER = YES;
				CLANG_WARN_RANGE_LOOP_ANALYSIS = YES;
				CLANG_WARN_STRICT_PROTOTYPES = YES;
				CLANG_WARN_SUSPICIOUS_MOVE = YES;
				CLANG_WARN_UNGUARDED_AVAILABILITY = YES_AGGRESSIVE;
				CLANG_WARN_UNREACHABLE_CODE = YES;
				CLANG_WARN__DUPLICATE_METHOD_MATCH = YES;
				COPY_PHASE_STRIP = NO;
				DEBUG_INFORMATION_FORMAT = "dwarf-with-dsym";
				ENABLE_NS_ASSERTIONS = NO;
				ENABLE_STRICT_OBJC_MSGSEND = YES;
				GCC_C_LANGUAGE_STANDARD = gnu11;
				GCC_NO_COMMON_BLOCKS = YES;
				GCC_WARN_64_TO_32_BIT_CONVERSION = YES;
				GCC_WARN_ABOUT_RETURN_TYPE = YES_ERROR;
				GCC_WARN_UNDECLARED_SELECTOR = YES;
				GCC_WARN_UNINITIALIZED_AUTOS = YES_AGGRESSIVE;
				GCC_WARN_UNUSED_FUNCTION = YES;
				GCC_WARN_UNUSED_VARIABLE = YES;
				IPHONEOS_DEPLOYMENT_TARGET = 15.5;
				MTL_ENABLE_DEBUG_INFO = NO;
				MTL_FAST_MATH = YES;
				SDKROOT = iphoneos;
				SWIFT_COMPILATION_MODE = wholemodule;
				SWIFT_OPTIMIZATION_LEVEL = "-O";
				VALIDATE_PRODUCT = YES;
			};
			name = Release;
		};
		DD5D9A37296B332600411E0F /* Debug */ = {
			isa = XCBuildConfiguration;
			baseConfigurationReference = 63D5710127E51E72713359F9 /* Pods-ChatApp.debug.xcconfig */;
			buildSettings = {
				ASSETCATALOG_COMPILER_APPICON_NAME = AppIcon;
				ASSETCATALOG_COMPILER_GLOBAL_ACCENT_COLOR_NAME = AccentColor;
				CODE_SIGN_STYLE = Automatic;
				CURRENT_PROJECT_VERSION = 1;
				GENERATE_INFOPLIST_FILE = YES;
				INFOPLIST_FILE = ChatApp/Info.plist;
				INFOPLIST_KEY_UIApplicationSupportsIndirectInputEvents = YES;
				INFOPLIST_KEY_UILaunchStoryboardName = LaunchScreen;
				INFOPLIST_KEY_UIMainStoryboardFile = Main;
				INFOPLIST_KEY_UISupportedInterfaceOrientations_iPad = "UIInterfaceOrientationPortrait UIInterfaceOrientationPortraitUpsideDown UIInterfaceOrientationLandscapeLeft UIInterfaceOrientationLandscapeRight";
				INFOPLIST_KEY_UISupportedInterfaceOrientations_iPhone = "UIInterfaceOrientationPortrait UIInterfaceOrientationLandscapeLeft UIInterfaceOrientationLandscapeRight";
				LD_RUNPATH_SEARCH_PATHS = (
					"$(inherited)",
					"@executable_path/Frameworks",
				);
				MARKETING_VERSION = 1.0;
				PRODUCT_BUNDLE_IDENTIFIER = com.broadcast.ChatApp;
				PRODUCT_NAME = "$(TARGET_NAME)";
				SWIFT_EMIT_LOC_STRINGS = YES;
				SWIFT_VERSION = 5.0;
				TARGETED_DEVICE_FAMILY = "1,2";
			};
			name = Debug;
		};
		DD5D9A38296B332600411E0F /* Release */ = {
			isa = XCBuildConfiguration;
			baseConfigurationReference = D90F8A8C270A7D606411A6A0 /* Pods-ChatApp.release.xcconfig */;
			buildSettings = {
				ASSETCATALOG_COMPILER_APPICON_NAME = AppIcon;
				ASSETCATALOG_COMPILER_GLOBAL_ACCENT_COLOR_NAME = AccentColor;
				CODE_SIGN_STYLE = Automatic;
				CURRENT_PROJECT_VERSION = 1;
				GENERATE_INFOPLIST_FILE = YES;
				INFOPLIST_FILE = ChatApp/Info.plist;
				INFOPLIST_KEY_UIApplicationSupportsIndirectInputEvents = YES;
				INFOPLIST_KEY_UILaunchStoryboardName = LaunchScreen;
				INFOPLIST_KEY_UIMainStoryboardFile = Main;
				INFOPLIST_KEY_UISupportedInterfaceOrientations_iPad = "UIInterfaceOrientationPortrait UIInterfaceOrientationPortraitUpsideDown UIInterfaceOrientationLandscapeLeft UIInterfaceOrientationLandscapeRight";
				INFOPLIST_KEY_UISupportedInterfaceOrientations_iPhone = "UIInterfaceOrientationPortrait UIInterfaceOrientationLandscapeLeft UIInterfaceOrientationLandscapeRight";
				LD_RUNPATH_SEARCH_PATHS = (
					"$(inherited)",
					"@executable_path/Frameworks",
				);
				MARKETING_VERSION = 1.0;
				PRODUCT_BUNDLE_IDENTIFIER = com.broadcast.ChatApp;
				PRODUCT_NAME = "$(TARGET_NAME)";
				SWIFT_EMIT_LOC_STRINGS = YES;
				SWIFT_VERSION = 5.0;
				TARGETED_DEVICE_FAMILY = "1,2";
			};
			name = Release;
		};
/* End XCBuildConfiguration section */

/* Begin XCConfigurationList section */
		DD5D9A1D296B332000411E0F /* Build configuration list for PBXProject "ChatApp" */ = {
			isa = XCConfigurationList;
			buildConfigurations = (
				DD5D9A34296B332600411E0F /* Debug */,
				DD5D9A35296B332600411E0F /* Release */,
			);
			defaultConfigurationIsVisible = 0;
			defaultConfigurationName = Release;
		};
		DD5D9A36296B332600411E0F /* Build configuration list for PBXNativeTarget "ChatApp" */ = {
			isa = XCConfigurationList;
			buildConfigurations = (
				DD5D9A37296B332600411E0F /* Debug */,
				DD5D9A38296B332600411E0F /* Release */,
			);
			defaultConfigurationIsVisible = 0;
			defaultConfigurationName = Release;
		};
/* End XCConfigurationList section */
	};
	rootObject = DD5D9A1A296B332000411E0F /* Project object */;
}
